
Microsoft Visual Studio Solution File, Format Version 12.00
# Visual Studio Version 16
VisualStudioVersion = 16.0.30320.27
MinimumVisualStudioVersion = 10.0.40219.1
Project("{FAE04EC0-301F-11D3-BF4B-00C04F79EFBC}") = "DayzTraderManager", "DayzTraderManager.csproj", "{FE8ECE0D-93A4-4DDD-A85D-B43DCBCAA00F}"
EndProject
Global
	GlobalSection(SolutionConfigurationPlatforms) = preSolution
		Debug|Any CPU = Debug|Any CPU
		Release|Any CPU = Release|Any CPU
	EndGlobalSection
	GlobalSection(ProjectConfigurationPlatforms) = postSolution
		{FE8ECE0D-93A4-4DDD-A85D-B43DCBCAA00F}.Debug|Any CPU.ActiveCfg = Debug|Any CPU
		{FE8ECE0D-93A4-4DDD-A85D-B43DCBCAA00F}.Debug|Any CPU.Build.0 = Debug|Any CPU
		{FE8ECE0D-93A4-4DDD-A85D-B43DCBCAA00F}.Release|Any CPU.ActiveCfg = Release|Any CPU
		{FE8ECE0D-93A4-4DDD-A85D-B43DCBCAA00F}.Release|Any CPU.Build.0 = Release|Any CPU
	EndGlobalSection
	GlobalSection(SolutionProperties) = preSolution
		HideSolutionNode = FALSE
	EndGlobalSection
	GlobalSection(ExtensibilityGlobals) = postSolution
		SolutionGuid = {ECF5E5F7-4AA7-41E4-9591-23194DDA5035}
	EndGlobalSection
EndGlobal
